// !$*UTF8*$!
{
	archiveVersion = 1;
	classes = {
	};
	objectVersion = 55;
	objects = {

/* Begin PBXBuildFile section */
		5100F02427F7F927000ABFFF /* LoginView.swift in Sources */ = {isa = PBXBuildFile; fileRef = 5100F02327F7F927000ABFFF /* LoginView.swift */; };
		5100F02627F7FBA6000ABFFF /* FirebaseManager.swift in Sources */ = {isa = PBXBuildFile; fileRef = 5100F02527F7FBA6000ABFFF /* FirebaseManager.swift */; };
		511B770A281F2CC300973630 /* CancelView.swift in Sources */ = {isa = PBXBuildFile; fileRef = 511B7709281F2CC300973630 /* CancelView.swift */; };
		51418ECD27FFE43600D19CBD /* HomeView.swift in Sources */ = {isa = PBXBuildFile; fileRef = 51418ECC27FFE43600D19CBD /* HomeView.swift */; };
		51418ECF2800051A00D19CBD /* ProfileView.swift in Sources */ = {isa = PBXBuildFile; fileRef = 51418ECE2800051A00D19CBD /* ProfileView.swift */; };
		51418ED328009F0A00D19CBD /* HomePopUp.swift in Sources */ = {isa = PBXBuildFile; fileRef = 51418ED228009F0A00D19CBD /* HomePopUp.swift */; };
		51418ED528011B3E00D19CBD /* ChatMessageModel.swift in Sources */ = {isa = PBXBuildFile; fileRef = 51418ED428011B3E00D19CBD /* ChatMessageModel.swift */; };
		51418ED7280121D500D19CBD /* ChatView.swift in Sources */ = {isa = PBXBuildFile; fileRef = 51418ED6280121D500D19CBD /* ChatView.swift */; };
		51418ED928028CB900D19CBD /* ChatModel.swift in Sources */ = {isa = PBXBuildFile; fileRef = 51418ED828028CB900D19CBD /* ChatModel.swift */; };
		51418EDB2803A01000D19CBD /* SchedulingView.swift in Sources */ = {isa = PBXBuildFile; fileRef = 51418EDA2803A01000D19CBD /* SchedulingView.swift */; };
		51418EDD2803B83700D19CBD /* SchedulingPopUp.swift in Sources */ = {isa = PBXBuildFile; fileRef = 51418EDC2803B83700D19CBD /* SchedulingPopUp.swift */; };
		51418EDF28049AA400D19CBD /* PostSchedulingView.swift in Sources */ = {isa = PBXBuildFile; fileRef = 51418EDE28049AA400D19CBD /* PostSchedulingView.swift */; };
		51418EE128067C9600D19CBD /* InternalMatchingView.swift in Sources */ = {isa = PBXBuildFile; fileRef = 51418EE028067C9600D19CBD /* InternalMatchingView.swift */; };
		51C24AE8281263AD003DD485 /* FirebaseAnalytics in Frameworks */ = {isa = PBXBuildFile; productRef = 51C24AE7281263AD003DD485 /* FirebaseAnalytics */; };
		51C24AEA281263AD003DD485 /* FirebaseAuth in Frameworks */ = {isa = PBXBuildFile; productRef = 51C24AE9281263AD003DD485 /* FirebaseAuth */; };
		51C24AEC281263AD003DD485 /* FirebaseFirestore in Frameworks */ = {isa = PBXBuildFile; productRef = 51C24AEB281263AD003DD485 /* FirebaseFirestore */; };
		51C24AEE281263AD003DD485 /* FirebaseMessaging in Frameworks */ = {isa = PBXBuildFile; productRef = 51C24AED281263AD003DD485 /* FirebaseMessaging */; };
		51C24AF0281263AD003DD485 /* FirebaseStorage in Frameworks */ = {isa = PBXBuildFile; productRef = 51C24AEF281263AD003DD485 /* FirebaseStorage */; };
		51C24AF3281263EE003DD485 /* PermissionsSwiftUINotification in Frameworks */ = {isa = PBXBuildFile; productRef = 51C24AF2281263EE003DD485 /* PermissionsSwiftUINotification */; };
		51C24AF5281263EE003DD485 /* PermissionsSwiftUIPhoto in Frameworks */ = {isa = PBXBuildFile; productRef = 51C24AF4281263EE003DD485 /* PermissionsSwiftUIPhoto */; };
		51C24AF828126405003DD485 /* SDWebImageSwiftUI in Frameworks */ = {isa = PBXBuildFile; productRef = 51C24AF728126405003DD485 /* SDWebImageSwiftUI */; };
		51CEC38027F7904100BA8267 /* MessageView.swift in Sources */ = {isa = PBXBuildFile; fileRef = 51CEC37F27F7904100BA8267 /* MessageView.swift */; };
		51CEC38927F7F22A00BA8267 /* GoogleService-Info.plist in Resources */ = {isa = PBXBuildFile; fileRef = 51CEC38827F7F22900BA8267 /* GoogleService-Info.plist */; };
		51E8D23E281CE2BD001F92F3 /* OtherUserProfileView.swift in Sources */ = {isa = PBXBuildFile; fileRef = 51E8D23D281CE2BD001F92F3 /* OtherUserProfileView.swift */; };
		B944F0C327F15FCF00805A43 /* pooheeApp.swift in Sources */ = {isa = PBXBuildFile; fileRef = B944F0C227F15FCF00805A43 /* pooheeApp.swift */; };
		B944F0C527F15FCF00805A43 /* CreateAccountView.swift in Sources */ = {isa = PBXBuildFile; fileRef = B944F0C427F15FCF00805A43 /* CreateAccountView.swift */; };
		B944F0C727F15FD300805A43 /* Assets.xcassets in Resources */ = {isa = PBXBuildFile; fileRef = B944F0C627F15FD300805A43 /* Assets.xcassets */; };
		B944F0CA27F15FD300805A43 /* Preview Assets.xcassets in Resources */ = {isa = PBXBuildFile; fileRef = B944F0C927F15FD300805A43 /* Preview Assets.xcassets */; };
		B96A1C8F27F8D30400DEBC48 /* WelcomeView.swift in Sources */ = {isa = PBXBuildFile; fileRef = B96A1C8E27F8D30400DEBC48 /* WelcomeView.swift */; };
		B99291BD27FFA2FA00774CEB /* ImagePicker.swift in Sources */ = {isa = PBXBuildFile; fileRef = B99291BC27FFA2FA00774CEB /* ImagePicker.swift */; };
		B9A2C4D32825B3B600E438E4 /* FirebaseFunctions in Frameworks */ = {isa = PBXBuildFile; productRef = B9A2C4D22825B3B600E438E4 /* FirebaseFunctions */; };
		B9D2ACA327FCCC4700D71ADA /* UserModel.swift in Sources */ = {isa = PBXBuildFile; fileRef = B9D2ACA227FCCC4700D71ADA /* UserModel.swift */; };
		B9D2ACA527FCCCE700D71ADA /* ProfileModel.swift in Sources */ = {isa = PBXBuildFile; fileRef = B9D2ACA427FCCCE700D71ADA /* ProfileModel.swift */; };
		B9DBE8BC27F8FD0100F29992 /* SurveyView.swift in Sources */ = {isa = PBXBuildFile; fileRef = B9DBE8BB27F8FD0100F29992 /* SurveyView.swift */; };
		B9DBE8C027F9370A00F29992 /* GoalView.swift in Sources */ = {isa = PBXBuildFile; fileRef = B9DBE8BF27F9370A00F29992 /* GoalView.swift */; };
		B9DBE8C227F9372100F29992 /* PersonalInfoView.swift in Sources */ = {isa = PBXBuildFile; fileRef = B9DBE8C127F9372100F29992 /* PersonalInfoView.swift */; };
		B9DBE8C427F9376C00F29992 /* SelfIdView.swift in Sources */ = {isa = PBXBuildFile; fileRef = B9DBE8C327F9376C00F29992 /* SelfIdView.swift */; };
		B9DBE8C627F937AA00F29992 /* PersonalityIntroView.swift in Sources */ = {isa = PBXBuildFile; fileRef = B9DBE8C527F937AA00F29992 /* PersonalityIntroView.swift */; };
		B9DBE8C827F937DF00F29992 /* PersonalityQuestionView.swift in Sources */ = {isa = PBXBuildFile; fileRef = B9DBE8C727F937DF00F29992 /* PersonalityQuestionView.swift */; };
		B9DBE8CA27F9385B00F29992 /* ChattingTopicView.swift in Sources */ = {isa = PBXBuildFile; fileRef = B9DBE8C927F9385B00F29992 /* ChattingTopicView.swift */; };
/* End PBXBuildFile section */

/* Begin PBXFileReference section */
		5100F02327F7F927000ABFFF /* LoginView.swift */ = {isa = PBXFileReference; lastKnownFileType = sourcecode.swift; path = LoginView.swift; sourceTree = "<group>"; };
		5100F02527F7FBA6000ABFFF /* FirebaseManager.swift */ = {isa = PBXFileReference; lastKnownFileType = sourcecode.swift; path = FirebaseManager.swift; sourceTree = "<group>"; };
		511B7709281F2CC300973630 /* CancelView.swift */ = {isa = PBXFileReference; lastKnownFileType = sourcecode.swift; path = CancelView.swift; sourceTree = "<group>"; };
		51418ECC27FFE43600D19CBD /* HomeView.swift */ = {isa = PBXFileReference; lastKnownFileType = sourcecode.swift; path = HomeView.swift; sourceTree = "<group>"; };
		51418ECE2800051A00D19CBD /* ProfileView.swift */ = {isa = PBXFileReference; lastKnownFileType = sourcecode.swift; path = ProfileView.swift; sourceTree = "<group>"; };
		51418ED228009F0A00D19CBD /* HomePopUp.swift */ = {isa = PBXFileReference; lastKnownFileType = sourcecode.swift; path = HomePopUp.swift; sourceTree = "<group>"; };
		51418ED428011B3E00D19CBD /* ChatMessageModel.swift */ = {isa = PBXFileReference; lastKnownFileType = sourcecode.swift; path = ChatMessageModel.swift; sourceTree = "<group>"; };
		51418ED6280121D500D19CBD /* ChatView.swift */ = {isa = PBXFileReference; lastKnownFileType = sourcecode.swift; path = ChatView.swift; sourceTree = "<group>"; };
		51418ED828028CB900D19CBD /* ChatModel.swift */ = {isa = PBXFileReference; lastKnownFileType = sourcecode.swift; path = ChatModel.swift; sourceTree = "<group>"; };
		51418EDA2803A01000D19CBD /* SchedulingView.swift */ = {isa = PBXFileReference; lastKnownFileType = sourcecode.swift; path = SchedulingView.swift; sourceTree = "<group>"; };
		51418EDC2803B83700D19CBD /* SchedulingPopUp.swift */ = {isa = PBXFileReference; lastKnownFileType = sourcecode.swift; path = SchedulingPopUp.swift; sourceTree = "<group>"; };
		51418EDE28049AA400D19CBD /* PostSchedulingView.swift */ = {isa = PBXFileReference; lastKnownFileType = sourcecode.swift; path = PostSchedulingView.swift; sourceTree = "<group>"; };
		51418EE028067C9600D19CBD /* InternalMatchingView.swift */ = {isa = PBXFileReference; lastKnownFileType = sourcecode.swift; path = InternalMatchingView.swift; sourceTree = "<group>"; };
		51CEC37F27F7904100BA8267 /* MessageView.swift */ = {isa = PBXFileReference; lastKnownFileType = sourcecode.swift; path = MessageView.swift; sourceTree = "<group>"; };
		51CEC38827F7F22900BA8267 /* GoogleService-Info.plist */ = {isa = PBXFileReference; fileEncoding = 4; lastKnownFileType = text.plist.xml; name = "GoogleService-Info.plist"; path = "../../../../Downloads/GoogleService-Info.plist"; sourceTree = "<group>"; };
		51E8D23D281CE2BD001F92F3 /* OtherUserProfileView.swift */ = {isa = PBXFileReference; lastKnownFileType = sourcecode.swift; path = OtherUserProfileView.swift; sourceTree = "<group>"; };
		B91397E5281061DA00676701 /* poohee.entitlements */ = {isa = PBXFileReference; lastKnownFileType = text.plist.entitlements; path = poohee.entitlements; sourceTree = "<group>"; };
		B944F0BF27F15FCF00805A43 /* poohee.app */ = {isa = PBXFileReference; explicitFileType = wrapper.application; includeInIndex = 0; path = poohee.app; sourceTree = BUILT_PRODUCTS_DIR; };
		B944F0C227F15FCF00805A43 /* pooheeApp.swift */ = {isa = PBXFileReference; lastKnownFileType = sourcecode.swift; path = pooheeApp.swift; sourceTree = "<group>"; };
		B944F0C427F15FCF00805A43 /* CreateAccountView.swift */ = {isa = PBXFileReference; lastKnownFileType = sourcecode.swift; path = CreateAccountView.swift; sourceTree = "<group>"; };
		B944F0C627F15FD300805A43 /* Assets.xcassets */ = {isa = PBXFileReference; lastKnownFileType = folder.assetcatalog; path = Assets.xcassets; sourceTree = "<group>"; };
		B944F0C927F15FD300805A43 /* Preview Assets.xcassets */ = {isa = PBXFileReference; lastKnownFileType = folder.assetcatalog; path = "Preview Assets.xcassets"; sourceTree = "<group>"; };
		B9478A1B27F968360058FDFA /* pooheeRelease.entitlements */ = {isa = PBXFileReference; lastKnownFileType = text.plist.entitlements; path = pooheeRelease.entitlements; sourceTree = "<group>"; };
		B96A1C8E27F8D30400DEBC48 /* WelcomeView.swift */ = {isa = PBXFileReference; lastKnownFileType = sourcecode.swift; path = WelcomeView.swift; sourceTree = "<group>"; };
		B99291BC27FFA2FA00774CEB /* ImagePicker.swift */ = {isa = PBXFileReference; fileEncoding = 4; lastKnownFileType = sourcecode.swift; path = ImagePicker.swift; sourceTree = "<group>"; };
		B9D2ACA227FCCC4700D71ADA /* UserModel.swift */ = {isa = PBXFileReference; lastKnownFileType = sourcecode.swift; path = UserModel.swift; sourceTree = "<group>"; };
		B9D2ACA427FCCCE700D71ADA /* ProfileModel.swift */ = {isa = PBXFileReference; lastKnownFileType = sourcecode.swift; path = ProfileModel.swift; sourceTree = "<group>"; };
		B9DBE8BB27F8FD0100F29992 /* SurveyView.swift */ = {isa = PBXFileReference; lastKnownFileType = sourcecode.swift; path = SurveyView.swift; sourceTree = "<group>"; };
		B9DBE8BF27F9370A00F29992 /* GoalView.swift */ = {isa = PBXFileReference; lastKnownFileType = sourcecode.swift; path = GoalView.swift; sourceTree = "<group>"; };
		B9DBE8C127F9372100F29992 /* PersonalInfoView.swift */ = {isa = PBXFileReference; lastKnownFileType = sourcecode.swift; path = PersonalInfoView.swift; sourceTree = "<group>"; };
		B9DBE8C327F9376C00F29992 /* SelfIdView.swift */ = {isa = PBXFileReference; lastKnownFileType = sourcecode.swift; path = SelfIdView.swift; sourceTree = "<group>"; };
		B9DBE8C527F937AA00F29992 /* PersonalityIntroView.swift */ = {isa = PBXFileReference; lastKnownFileType = sourcecode.swift; path = PersonalityIntroView.swift; sourceTree = "<group>"; };
		B9DBE8C727F937DF00F29992 /* PersonalityQuestionView.swift */ = {isa = PBXFileReference; lastKnownFileType = sourcecode.swift; path = PersonalityQuestionView.swift; sourceTree = "<group>"; };
		B9DBE8C927F9385B00F29992 /* ChattingTopicView.swift */ = {isa = PBXFileReference; lastKnownFileType = sourcecode.swift; path = ChattingTopicView.swift; sourceTree = "<group>"; };
		B9DBE8CB27F961F800F29992 /* Info.plist */ = {isa = PBXFileReference; lastKnownFileType = text.plist; path = Info.plist; sourceTree = "<group>"; };
/* End PBXFileReference section */

/* Begin PBXFrameworksBuildPhase section */
		B944F0BC27F15FCF00805A43 /* Frameworks */ = {
			isa = PBXFrameworksBuildPhase;
			buildActionMask = 2147483647;
			files = (
				51C24AEE281263AD003DD485 /* FirebaseMessaging in Frameworks */,
				51C24AE8281263AD003DD485 /* FirebaseAnalytics in Frameworks */,
				51C24AF3281263EE003DD485 /* PermissionsSwiftUINotification in Frameworks */,
				B9A2C4D32825B3B600E438E4 /* FirebaseFunctions in Frameworks */,
				51C24AEA281263AD003DD485 /* FirebaseAuth in Frameworks */,
				51C24AF828126405003DD485 /* SDWebImageSwiftUI in Frameworks */,
				51C24AF0281263AD003DD485 /* FirebaseStorage in Frameworks */,
				51C24AEC281263AD003DD485 /* FirebaseFirestore in Frameworks */,
				51C24AF5281263EE003DD485 /* PermissionsSwiftUIPhoto in Frameworks */,
			);
			runOnlyForDeploymentPostprocessing = 0;
		};
/* End PBXFrameworksBuildPhase section */

/* Begin PBXGroup section */
		B944F0B627F15FCF00805A43 = {
			isa = PBXGroup;
			children = (
				B944F0C127F15FCF00805A43 /* poohee */,
				B944F0C027F15FCF00805A43 /* Products */,
				B9A2C4D12825B3B600E438E4 /* Frameworks */,
			);
			sourceTree = "<group>";
		};
		B944F0C027F15FCF00805A43 /* Products */ = {
			isa = PBXGroup;
			children = (
				B944F0BF27F15FCF00805A43 /* poohee.app */,
			);
			name = Products;
			sourceTree = "<group>";
		};
		B944F0C127F15FCF00805A43 /* poohee */ = {
			isa = PBXGroup;
			children = (
				B91397E5281061DA00676701 /* poohee.entitlements */,
				B9D2ACA127FCCC3900D71ADA /* Model */,
				B9478A1B27F968360058FDFA /* pooheeRelease.entitlements */,
				B9DBE8CB27F961F800F29992 /* Info.plist */,
				B944F0C227F15FCF00805A43 /* pooheeApp.swift */,
				B944F0C427F15FCF00805A43 /* CreateAccountView.swift */,
				51418EE028067C9600D19CBD /* InternalMatchingView.swift */,
				5100F02327F7F927000ABFFF /* LoginView.swift */,
				51418ED6280121D500D19CBD /* ChatView.swift */,
				51E8D23D281CE2BD001F92F3 /* OtherUserProfileView.swift */,
				51418EDA2803A01000D19CBD /* SchedulingView.swift */,
				51418EDE28049AA400D19CBD /* PostSchedulingView.swift */,
				51418EDC2803B83700D19CBD /* SchedulingPopUp.swift */,
				511B7709281F2CC300973630 /* CancelView.swift */,
				51418ED228009F0A00D19CBD /* HomePopUp.swift */,
				51CEC37F27F7904100BA8267 /* MessageView.swift */,
				51418ECE2800051A00D19CBD /* ProfileView.swift */,
				51418ECC27FFE43600D19CBD /* HomeView.swift */,
				5100F02527F7FBA6000ABFFF /* FirebaseManager.swift */,
				51CEC38827F7F22900BA8267 /* GoogleService-Info.plist */,
				B944F0C627F15FD300805A43 /* Assets.xcassets */,
				B944F0C827F15FD300805A43 /* Preview Content */,
				B96A1C8E27F8D30400DEBC48 /* WelcomeView.swift */,
				B9DBE8BB27F8FD0100F29992 /* SurveyView.swift */,
				B9DBE8BF27F9370A00F29992 /* GoalView.swift */,
				B9DBE8C127F9372100F29992 /* PersonalInfoView.swift */,
				B9DBE8C327F9376C00F29992 /* SelfIdView.swift */,
				B9DBE8C527F937AA00F29992 /* PersonalityIntroView.swift */,
				B9DBE8C727F937DF00F29992 /* PersonalityQuestionView.swift */,
				B99291BC27FFA2FA00774CEB /* ImagePicker.swift */,
				B9DBE8C927F9385B00F29992 /* ChattingTopicView.swift */,
			);
			path = poohee;
			sourceTree = "<group>";
		};
		B944F0C827F15FD300805A43 /* Preview Content */ = {
			isa = PBXGroup;
			children = (
				B944F0C927F15FD300805A43 /* Preview Assets.xcassets */,
			);
			path = "Preview Content";
			sourceTree = "<group>";
		};
		B9A2C4D12825B3B600E438E4 /* Frameworks */ = {
			isa = PBXGroup;
			children = (
			);
			name = Frameworks;
			sourceTree = "<group>";
		};
		B9D2ACA127FCCC3900D71ADA /* Model */ = {
			isa = PBXGroup;
			children = (
				B9D2ACA227FCCC4700D71ADA /* UserModel.swift */,
				B9D2ACA427FCCCE700D71ADA /* ProfileModel.swift */,
				51418ED428011B3E00D19CBD /* ChatMessageModel.swift */,
				51418ED828028CB900D19CBD /* ChatModel.swift */,
			);
			path = Model;
			sourceTree = "<group>";
		};
/* End PBXGroup section */

/* Begin PBXNativeTarget section */
		B944F0BE27F15FCF00805A43 /* poohee */ = {
			isa = PBXNativeTarget;
			buildConfigurationList = B944F0CD27F15FD300805A43 /* Build configuration list for PBXNativeTarget "poohee" */;
			buildPhases = (
				B944F0BB27F15FCF00805A43 /* Sources */,
				B944F0BC27F15FCF00805A43 /* Frameworks */,
				B944F0BD27F15FCF00805A43 /* Resources */,
			);
			buildRules = (
			);
			dependencies = (
			);
			name = poohee;
			packageProductDependencies = (
				51C24AE7281263AD003DD485 /* FirebaseAnalytics */,
				51C24AE9281263AD003DD485 /* FirebaseAuth */,
				51C24AEB281263AD003DD485 /* FirebaseFirestore */,
				51C24AED281263AD003DD485 /* FirebaseMessaging */,
				51C24AEF281263AD003DD485 /* FirebaseStorage */,
				51C24AF2281263EE003DD485 /* PermissionsSwiftUINotification */,
				51C24AF4281263EE003DD485 /* PermissionsSwiftUIPhoto */,
				51C24AF728126405003DD485 /* SDWebImageSwiftUI */,
				B9A2C4D22825B3B600E438E4 /* FirebaseFunctions */,
			);
			productName = poohee;
			productReference = B944F0BF27F15FCF00805A43 /* poohee.app */;
			productType = "com.apple.product-type.application";
		};
/* End PBXNativeTarget section */

/* Begin PBXProject section */
		B944F0B727F15FCF00805A43 /* Project object */ = {
			isa = PBXProject;
			attributes = {
				BuildIndependentTargetsInParallel = 1;
				LastSwiftUpdateCheck = 1330;
				LastUpgradeCheck = 1330;
				TargetAttributes = {
					B944F0BE27F15FCF00805A43 = {
						CreatedOnToolsVersion = 13.3;
					};
				};
			};
			buildConfigurationList = B944F0BA27F15FCF00805A43 /* Build configuration list for PBXProject "poohee" */;
			compatibilityVersion = "Xcode 13.0";
			developmentRegion = en;
			hasScannedForEncodings = 0;
			knownRegions = (
				en,
				Base,
			);
			mainGroup = B944F0B627F15FCF00805A43;
			packageReferences = (
				51C24AE6281263AD003DD485 /* XCRemoteSwiftPackageReference "firebase-ios-sdk" */,
				51C24AF1281263EE003DD485 /* XCRemoteSwiftPackageReference "PermissionsSwiftUI" */,
				51C24AF628126405003DD485 /* XCRemoteSwiftPackageReference "SDWebImageSwiftUI" */,
			);
			productRefGroup = B944F0C027F15FCF00805A43 /* Products */;
			projectDirPath = "";
			projectRoot = "";
			targets = (
				B944F0BE27F15FCF00805A43 /* poohee */,
			);
		};
/* End PBXProject section */

/* Begin PBXResourcesBuildPhase section */
		B944F0BD27F15FCF00805A43 /* Resources */ = {
			isa = PBXResourcesBuildPhase;
			buildActionMask = 2147483647;
			files = (
				B944F0CA27F15FD300805A43 /* Preview Assets.xcassets in Resources */,
				B944F0C727F15FD300805A43 /* Assets.xcassets in Resources */,
				51CEC38927F7F22A00BA8267 /* GoogleService-Info.plist in Resources */,
			);
			runOnlyForDeploymentPostprocessing = 0;
		};
/* End PBXResourcesBuildPhase section */

/* Begin PBXSourcesBuildPhase section */
		B944F0BB27F15FCF00805A43 /* Sources */ = {
			isa = PBXSourcesBuildPhase;
			buildActionMask = 2147483647;
			files = (
				B9D2ACA527FCCCE700D71ADA /* ProfileModel.swift in Sources */,
				B9DBE8C227F9372100F29992 /* PersonalInfoView.swift in Sources */,
				51418EE128067C9600D19CBD /* InternalMatchingView.swift in Sources */,
				51E8D23E281CE2BD001F92F3 /* OtherUserProfileView.swift in Sources */,
				511B770A281F2CC300973630 /* CancelView.swift in Sources */,
				B9DBE8C827F937DF00F29992 /* PersonalityQuestionView.swift in Sources */,
				B9DBE8C627F937AA00F29992 /* PersonalityIntroView.swift in Sources */,
				51418ED7280121D500D19CBD /* ChatView.swift in Sources */,
				51CEC38027F7904100BA8267 /* MessageView.swift in Sources */,
				51418ECD27FFE43600D19CBD /* HomeView.swift in Sources */,
				B9DBE8BC27F8FD0100F29992 /* SurveyView.swift in Sources */,
				51418EDB2803A01000D19CBD /* SchedulingView.swift in Sources */,
				B96A1C8F27F8D30400DEBC48 /* WelcomeView.swift in Sources */,
				B944F0C527F15FCF00805A43 /* CreateAccountView.swift in Sources */,
				51418EDF28049AA400D19CBD /* PostSchedulingView.swift in Sources */,
				B9DBE8C427F9376C00F29992 /* SelfIdView.swift in Sources */,
				51418EDD2803B83700D19CBD /* SchedulingPopUp.swift in Sources */,
				51418ECF2800051A00D19CBD /* ProfileView.swift in Sources */,
				51418ED528011B3E00D19CBD /* ChatMessageModel.swift in Sources */,
				51418ED928028CB900D19CBD /* ChatModel.swift in Sources */,
				B9D2ACA327FCCC4700D71ADA /* UserModel.swift in Sources */,
				5100F02627F7FBA6000ABFFF /* FirebaseManager.swift in Sources */,
				5100F02427F7F927000ABFFF /* LoginView.swift in Sources */,
				B944F0C327F15FCF00805A43 /* pooheeApp.swift in Sources */,
				51418ED328009F0A00D19CBD /* HomePopUp.swift in Sources */,
				B99291BD27FFA2FA00774CEB /* ImagePicker.swift in Sources */,
				B9DBE8CA27F9385B00F29992 /* ChattingTopicView.swift in Sources */,
				B9DBE8C027F9370A00F29992 /* GoalView.swift in Sources */,
			);
			runOnlyForDeploymentPostprocessing = 0;
		};
/* End PBXSourcesBuildPhase section */

/* Begin XCBuildConfiguration section */
		B944F0CB27F15FD300805A43 /* Debug */ = {
			isa = XCBuildConfiguration;
			buildSettings = {
				ALWAYS_SEARCH_USER_PATHS = NO;
				CLANG_ANALYZER_NONNULL = YES;
				CLANG_ANALYZER_NUMBER_OBJECT_CONVERSION = YES_AGGRESSIVE;
				CLANG_CXX_LANGUAGE_STANDARD = "gnu++17";
				CLANG_ENABLE_MODULES = YES;
				CLANG_ENABLE_OBJC_ARC = YES;
				CLANG_ENABLE_OBJC_WEAK = YES;
				CLANG_WARN_BLOCK_CAPTURE_AUTORELEASING = YES;
				CLANG_WARN_BOOL_CONVERSION = YES;
				CLANG_WARN_COMMA = YES;
				CLANG_WARN_CONSTANT_CONVERSION = YES;
				CLANG_WARN_DEPRECATED_OBJC_IMPLEMENTATIONS = YES;
				CLANG_WARN_DIRECT_OBJC_ISA_USAGE = YES_ERROR;
				CLANG_WARN_DOCUMENTATION_COMMENTS = YES;
				CLANG_WARN_EMPTY_BODY = YES;
				CLANG_WARN_ENUM_CONVERSION = YES;
				CLANG_WARN_INFINITE_RECURSION = YES;
				CLANG_WARN_INT_CONVERSION = YES;
				CLANG_WARN_NON_LITERAL_NULL_CONVERSION = YES;
				CLANG_WARN_OBJC_IMPLICIT_RETAIN_SELF = YES;
				CLANG_WARN_OBJC_LITERAL_CONVERSION = YES;
				CLANG_WARN_OBJC_ROOT_CLASS = YES_ERROR;
				CLANG_WARN_QUOTED_INCLUDE_IN_FRAMEWORK_HEADER = YES;
				CLANG_WARN_RANGE_LOOP_ANALYSIS = YES;
				CLANG_WARN_STRICT_PROTOTYPES = YES;
				CLANG_WARN_SUSPICIOUS_MOVE = YES;
				CLANG_WARN_UNGUARDED_AVAILABILITY = YES_AGGRESSIVE;
				CLANG_WARN_UNREACHABLE_CODE = YES;
				CLANG_WARN__DUPLICATE_METHOD_MATCH = YES;
				COPY_PHASE_STRIP = NO;
				DEBUG_INFORMATION_FORMAT = dwarf;
				ENABLE_STRICT_OBJC_MSGSEND = YES;
				ENABLE_TESTABILITY = YES;
				GCC_C_LANGUAGE_STANDARD = gnu11;
				GCC_DYNAMIC_NO_PIC = NO;
				GCC_NO_COMMON_BLOCKS = YES;
				GCC_OPTIMIZATION_LEVEL = 0;
				GCC_PREPROCESSOR_DEFINITIONS = (
					"DEBUG=1",
					"$(inherited)",
				);
				GCC_WARN_64_TO_32_BIT_CONVERSION = NO;
				GCC_WARN_ABOUT_RETURN_TYPE = YES_ERROR;
				GCC_WARN_UNDECLARED_SELECTOR = YES;
				GCC_WARN_UNINITIALIZED_AUTOS = YES_AGGRESSIVE;
				GCC_WARN_UNUSED_FUNCTION = YES;
				GCC_WARN_UNUSED_VARIABLE = YES;
				IPHONEOS_DEPLOYMENT_TARGET = 14.0;
				MTL_ENABLE_DEBUG_INFO = INCLUDE_SOURCE;
				MTL_FAST_MATH = YES;
				ONLY_ACTIVE_ARCH = YES;
				SDKROOT = iphoneos;
				SWIFT_ACTIVE_COMPILATION_CONDITIONS = DEBUG;
				SWIFT_OPTIMIZATION_LEVEL = "-Onone";
			};
			name = Debug;
		};
		B944F0CC27F15FD300805A43 /* Release */ = {
			isa = XCBuildConfiguration;
			buildSettings = {
				ALWAYS_SEARCH_USER_PATHS = NO;
				CLANG_ANALYZER_NONNULL = YES;
				CLANG_ANALYZER_NUMBER_OBJECT_CONVERSION = YES_AGGRESSIVE;
				CLANG_CXX_LANGUAGE_STANDARD = "gnu++17";
				CLANG_ENABLE_MODULES = YES;
				CLANG_ENABLE_OBJC_ARC = YES;
				CLANG_ENABLE_OBJC_WEAK = YES;
				CLANG_WARN_BLOCK_CAPTURE_AUTORELEASING = YES;
				CLANG_WARN_BOOL_CONVERSION = YES;
				CLANG_WARN_COMMA = YES;
				CLANG_WARN_CONSTANT_CONVERSION = YES;
				CLANG_WARN_DEPRECATED_OBJC_IMPLEMENTATIONS = YES;
				CLANG_WARN_DIRECT_OBJC_ISA_USAGE = YES_ERROR;
				CLANG_WARN_DOCUMENTATION_COMMENTS = YES;
				CLANG_WARN_EMPTY_BODY = YES;
				CLANG_WARN_ENUM_CONVERSION = YES;
				CLANG_WARN_INFINITE_RECURSION = YES;
				CLANG_WARN_INT_CONVERSION = YES;
				CLANG_WARN_NON_LITERAL_NULL_CONVERSION = YES;
				CLANG_WARN_OBJC_IMPLICIT_RETAIN_SELF = YES;
				CLANG_WARN_OBJC_LITERAL_CONVERSION = YES;
				CLANG_WARN_OBJC_ROOT_CLASS = YES_ERROR;
				CLANG_WARN_QUOTED_INCLUDE_IN_FRAMEWORK_HEADER = YES;
				CLANG_WARN_RANGE_LOOP_ANALYSIS = YES;
				CLANG_WARN_STRICT_PROTOTYPES = YES;
				CLANG_WARN_SUSPICIOUS_MOVE = YES;
				CLANG_WARN_UNGUARDED_AVAILABILITY = YES_AGGRESSIVE;
				CLANG_WARN_UNREACHABLE_CODE = YES;
				CLANG_WARN__DUPLICATE_METHOD_MATCH = YES;
				COPY_PHASE_STRIP = NO;
				DEBUG_INFORMATION_FORMAT = "dwarf-with-dsym";
				ENABLE_NS_ASSERTIONS = NO;
				ENABLE_STRICT_OBJC_MSGSEND = YES;
				GCC_C_LANGUAGE_STANDARD = gnu11;
				GCC_NO_COMMON_BLOCKS = YES;
				GCC_WARN_64_TO_32_BIT_CONVERSION = NO;
				GCC_WARN_ABOUT_RETURN_TYPE = YES_ERROR;
				GCC_WARN_UNDECLARED_SELECTOR = YES;
				GCC_WARN_UNINITIALIZED_AUTOS = YES_AGGRESSIVE;
				GCC_WARN_UNUSED_FUNCTION = YES;
				GCC_WARN_UNUSED_VARIABLE = YES;
				IPHONEOS_DEPLOYMENT_TARGET = 14.0;
				MTL_ENABLE_DEBUG_INFO = NO;
				MTL_FAST_MATH = YES;
				SDKROOT = iphoneos;
				SWIFT_COMPILATION_MODE = wholemodule;
				SWIFT_OPTIMIZATION_LEVEL = "-O";
				VALIDATE_PRODUCT = YES;
			};
			name = Release;
		};
		B944F0CE27F15FD300805A43 /* Debug */ = {
			isa = XCBuildConfiguration;
			buildSettings = {
				ASSETCATALOG_COMPILER_APPICON_NAME = "AppIcon-4";
				ASSETCATALOG_COMPILER_GLOBAL_ACCENT_COLOR_NAME = AccentColor;
				CODE_SIGN_ENTITLEMENTS = poohee/poohee.entitlements;
				CODE_SIGN_STYLE = Automatic;
				CURRENT_PROJECT_VERSION = 1;
				DEVELOPMENT_ASSET_PATHS = "\"poohee/Preview Content\"";
				DEVELOPMENT_TEAM = 3KHKRR56L7;
				ENABLE_PREVIEWS = YES;
				GENERATE_INFOPLIST_FILE = YES;
				INFOPLIST_FILE = poohee/Info.plist;
				INFOPLIST_KEY_NSPhotoLibraryUsageDescription = "The app collect photo for user's profile picture";
				INFOPLIST_KEY_UIApplicationSceneManifest_Generation = YES;
				INFOPLIST_KEY_UIApplicationSupportsIndirectInputEvents = YES;
				INFOPLIST_KEY_UILaunchScreen_Generation = YES;
				INFOPLIST_KEY_UISupportedInterfaceOrientations = UIInterfaceOrientationPortrait;
				INFOPLIST_KEY_UISupportedInterfaceOrientations_iPad = "UIInterfaceOrientationPortrait UIInterfaceOrientationPortraitUpsideDown";
				INFOPLIST_KEY_UISupportedInterfaceOrientations_iPhone = UIInterfaceOrientationPortrait;
				INFOPLIST_KEY_UIUserInterfaceStyle = Light;
				IPHONEOS_DEPLOYMENT_TARGET = 14.0;
				LD_RUNPATH_SEARCH_PATHS = (
					"$(inherited)",
					"@executable_path/Frameworks",
				);
				MARKETING_VERSION = 1.0;
				PRODUCT_BUNDLE_IDENTIFIER = poohee.poohee;
				PRODUCT_NAME = poohee;
				SWIFT_EMIT_LOC_STRINGS = YES;
				SWIFT_VERSION = 5.0;
				TARGETED_DEVICE_FAMILY = 1;
			};
			name = Debug;
		};
		B944F0CF27F15FD300805A43 /* Release */ = {
			isa = XCBuildConfiguration;
			buildSettings = {
				ASSETCATALOG_COMPILER_APPICON_NAME = "AppIcon-4";
				ASSETCATALOG_COMPILER_GLOBAL_ACCENT_COLOR_NAME = AccentColor;
				CODE_SIGN_ENTITLEMENTS = poohee/pooheeRelease.entitlements;
				CODE_SIGN_STYLE = Automatic;
				CURRENT_PROJECT_VERSION = 1;
				DEVELOPMENT_ASSET_PATHS = "\"poohee/Preview Content\"";
				DEVELOPMENT_TEAM = 3KHKRR56L7;
				ENABLE_PREVIEWS = YES;
				GENERATE_INFOPLIST_FILE = YES;
				INFOPLIST_FILE = poohee/Info.plist;
				INFOPLIST_KEY_NSPhotoLibraryUsageDescription = "The app collect photo for user's profile picture";
				INFOPLIST_KEY_UIApplicationSceneManifest_Generation = YES;
				INFOPLIST_KEY_UIApplicationSupportsIndirectInputEvents = YES;
				INFOPLIST_KEY_UILaunchScreen_Generation = YES;
				INFOPLIST_KEY_UISupportedInterfaceOrientations = UIInterfaceOrientationPortrait;
				INFOPLIST_KEY_UISupportedInterfaceOrientations_iPad = "UIInterfaceOrientationPortrait UIInterfaceOrientationPortraitUpsideDown";
				INFOPLIST_KEY_UISupportedInterfaceOrientations_iPhone = UIInterfaceOrientationPortrait;
				INFOPLIST_KEY_UIUserInterfaceStyle = Light;
				IPHONEOS_DEPLOYMENT_TARGET = 14.0;
				LD_RUNPATH_SEARCH_PATHS = (
					"$(inherited)",
					"@executable_path/Frameworks",
				);
				MARKETING_VERSION = 1.0;
				PRODUCT_BUNDLE_IDENTIFIER = poohee.poohee;
				PRODUCT_NAME = poohee;
				SWIFT_EMIT_LOC_STRINGS = YES;
				SWIFT_VERSION = 5.0;
				TARGETED_DEVICE_FAMILY = 1;
			};
			name = Release;
		};
/* End XCBuildConfiguration section */

/* Begin XCConfigurationList section */
		B944F0BA27F15FCF00805A43 /* Build configuration list for PBXProject "poohee" */ = {
			isa = XCConfigurationList;
			buildConfigurations = (
				B944F0CB27F15FD300805A43 /* Debug */,
				B944F0CC27F15FD300805A43 /* Release */,
			);
			defaultConfigurationIsVisible = 0;
			defaultConfigurationName = Release;
		};
		B944F0CD27F15FD300805A43 /* Build configuration list for PBXNativeTarget "poohee" */ = {
			isa = XCConfigurationList;
			buildConfigurations = (
				B944F0CE27F15FD300805A43 /* Debug */,
				B944F0CF27F15FD300805A43 /* Release */,
			);
			defaultConfigurationIsVisible = 0;
			defaultConfigurationName = Release;
		};
/* End XCConfigurationList section */

/* Begin XCRemoteSwiftPackageReference section */
		51C24AE6281263AD003DD485 /* XCRemoteSwiftPackageReference "firebase-ios-sdk" */ = {
			isa = XCRemoteSwiftPackageReference;
			repositoryURL = "https://github.com/firebase/firebase-ios-sdk.git";
			requirement = {
				kind = upToNextMajorVersion;
				minimumVersion = 9.0.0;
			};
		};
		51C24AF1281263EE003DD485 /* XCRemoteSwiftPackageReference "PermissionsSwiftUI" */ = {
			isa = XCRemoteSwiftPackageReference;
			repositoryURL = "https://github.com/jevonmao/PermissionsSwiftUI";
			requirement = {
				kind = upToNextMajorVersion;
				minimumVersion = 1.0.0;
			};
		};
		51C24AF628126405003DD485 /* XCRemoteSwiftPackageReference "SDWebImageSwiftUI" */ = {
			isa = XCRemoteSwiftPackageReference;
			repositoryURL = "https://github.com/SDWebImage/SDWebImageSwiftUI";
			requirement = {
				kind = upToNextMajorVersion;
				minimumVersion = 2.0.0;
			};
		};
/* End XCRemoteSwiftPackageReference section */

/* Begin XCSwiftPackageProductDependency section */
		51C24AE7281263AD003DD485 /* FirebaseAnalytics */ = {
			isa = XCSwiftPackageProductDependency;
			package = 51C24AE6281263AD003DD485 /* XCRemoteSwiftPackageReference "firebase-ios-sdk" */;
			productName = FirebaseAnalytics;
		};
		51C24AE9281263AD003DD485 /* FirebaseAuth */ = {
			isa = XCSwiftPackageProductDependency;
			package = 51C24AE6281263AD003DD485 /* XCRemoteSwiftPackageReference "firebase-ios-sdk" */;
			productName = FirebaseAuth;
		};
		51C24AEB281263AD003DD485 /* FirebaseFirestore */ = {
			isa = XCSwiftPackageProductDependency;
			package = 51C24AE6281263AD003DD485 /* XCRemoteSwiftPackageReference "firebase-ios-sdk" */;
			productName = FirebaseFirestore;
		};
		51C24AED281263AD003DD485 /* FirebaseMessaging */ = {
			isa = XCSwiftPackageProductDependency;
			package = 51C24AE6281263AD003DD485 /* XCRemoteSwiftPackageReference "firebase-ios-sdk" */;
			productName = FirebaseMessaging;
		};
		51C24AEF281263AD003DD485 /* FirebaseStorage */ = {
			isa = XCSwiftPackageProductDependency;
			package = 51C24AE6281263AD003DD485 /* XCRemoteSwiftPackageReference "firebase-ios-sdk" */;
			productName = FirebaseStorage;
		};
		51C24AF2281263EE003DD485 /* PermissionsSwiftUINotification */ = {
			isa = XCSwiftPackageProductDependency;
			package = 51C24AF1281263EE003DD485 /* XCRemoteSwiftPackageReference "PermissionsSwiftUI" */;
			productName = PermissionsSwiftUINotification;
		};
		51C24AF4281263EE003DD485 /* PermissionsSwiftUIPhoto */ = {
			isa = XCSwiftPackageProductDependency;
			package = 51C24AF1281263EE003DD485 /* XCRemoteSwiftPackageReference "PermissionsSwiftUI" */;
			productName = PermissionsSwiftUIPhoto;
		};
		51C24AF728126405003DD485 /* SDWebImageSwiftUI */ = {
			isa = XCSwiftPackageProductDependency;
			package = 51C24AF628126405003DD485 /* XCRemoteSwiftPackageReference "SDWebImageSwiftUI" */;
			productName = SDWebImageSwiftUI;
		};
		B9A2C4D22825B3B600E438E4 /* FirebaseFunctions */ = {
			isa = XCSwiftPackageProductDependency;
			package = 51C24AE6281263AD003DD485 /* XCRemoteSwiftPackageReference "firebase-ios-sdk" */;
			productName = FirebaseFunctions;
		};
/* End XCSwiftPackageProductDependency section */
	};
	rootObject = B944F0B727F15FCF00805A43 /* Project object */;
}
